{
  "name": "get-elements-by-name-shadow-root",
  "version": "0.0.3",
  "lockfileVersion": 1,
  "requires": true,
  "dependencies": {
    "query-selector-all-shadow-root": {
      "version": "0.0.3",
      "resolved": "https://registry.npmjs.org/query-selector-all-shadow-root/-/query-selector-all-shadow-root-0.0.3.tgz",
      "integrity": "sha512-J7TPo7c+Ut6Wl7Ujk/dToR15eqwu84vJAazgzkcUxCeCtoxbDJPsFs9mBaYoSUfS0ZN3xspLDGBajr0G8d2QZQ=="
    },
    "typescript": {
      "version": "4.5.5",
      "resolved": "https://registry.npmjs.org/typescript/-/typescript-4.5.5.tgz",
      "integrity": "sha512-TCTIul70LyWe6IJWT8QSYeA54WQe8EjQFU4wY52Fasj5UKx88LNYKCgBEHcOMOrFF1rKGbD8v/xcNWVUq9SymA==",
      "dev": true
    }
  }
}
