{
  "name": "javascript-utils",
  "version": "1.0.0",
  "lockfileVersion": 2,
  "requires": true,
  "packages": {
    "": {
      "workspaces": [
        "./packages/*"
      ]
    },
    "node_modules/get-element-by-id-shadow-root": {
      "resolved": "packages/get-element-by-id-shadow-root",
      "link": true
    },
    "node_modules/get-elements-by-class-name-shadow-root": {
      "resolved": "packages/get-elements-by-class-name-shadow-root",
      "link": true
    },
    "node_modules/get-elements-by-name-shadow-root": {
      "resolved": "packages/get-elements-by-name-shadow-root",
      "link": true
    },
    "node_modules/get-elements-by-tag-name-shadow-root": {
      "resolved": "packages/get-elements-by-tag-name-shadow-root",
      "link": true
    },
    "node_modules/query-selector-all-shadow-root": {
      "resolved": "packages/query-selector-all-shadow-root",
      "link": true
    },
    "node_modules/query-selector-shadow-root": {
      "resolved": "packages/query-selector-shadow-root",
      "link": true
    },
    "node_modules/shadow-root": {
      "resolved": "packages/shadow-root",
      "link": true
    },
    "node_modules/typescript": {
      "version": "4.5.5",
      "resolved": "https://registry.npmjs.org/typescript/-/typescript-4.5.5.tgz",
      "integrity": "sha512-TCTIul70LyWe6IJWT8QSYeA54WQe8EjQFU4wY52Fasj5UKx88LNYKCgBEHcOMOrFF1rKGbD8v/xcNWVUq9SymA==",
      "dev": true,
      "bin": {
        "tsc": "bin/tsc",
        "tsserver": "bin/tsserver"
      },
      "engines": {
        "node": ">=4.2.0"
      }
    },
    "packages/get-element-by-id-shadow-root": {
      "version": "0.0.1",
      "license": "EUPL-1.2",
      "dependencies": {
        "query-selector-shadow-root": "0.0.1"
      },
      "devDependencies": {
        "typescript": "4.5.5"
      }
    },
    "packages/get-elements-by-class-name-shadow-root": {
      "version": "0.0.1",
      "license": "EUPL-1.2",
      "dependencies": {
        "query-selector-all-shadow-root": "0.0.1"
      },
      "devDependencies": {
        "typescript": "4.5.5"
      }
    },
    "packages/get-elements-by-name-shadow-root": {
      "version": "0.0.1",
      "license": "EUPL-1.2",
      "dependencies": {
        "query-selector-all-shadow-root": "0.0.1"
      },
      "devDependencies": {
        "typescript": "4.5.5"
      }
    },
    "packages/get-elements-by-tag-name-shadow-root": {
      "version": "0.0.1",
      "license": "EUPL-1.2",
      "dependencies": {
        "query-selector-all-shadow-root": "0.0.1"
      },
      "devDependencies": {
        "typescript": "4.5.5"
      }
    },
    "packages/query-selector-all-shadow-root": {
      "version": "0.0.1",
      "license": "EUPL-1.2",
      "devDependencies": {
        "typescript": "4.5.5"
      }
    },
    "packages/query-selector-shadow-root": {
      "version": "0.0.1",
      "license": "EUPL-1.2",
      "devDependencies": {
        "typescript": "4.5.5"
      }
    },
    "packages/shadow-root": {
      "version": "0.0.1",
      "license": "EUPL-1.2",
      "dependencies": {
        "get-element-by-id-shadow-root": "0.0.1",
        "get-elements-by-class-name-shadow-root": "0.0.1",
        "get-elements-by-name-shadow-root": "0.0.1",
        "get-elements-by-tag-name-shadow-root": "0.0.1",
        "query-selector-all-shadow-root": "0.0.1",
        "query-selector-shadow-root": "0.0.1"
      },
      "devDependencies": {
        "typescript": "4.5.5"
      }
    }
  },
  "dependencies": {
    "get-element-by-id-shadow-root": {
      "version": "file:packages/get-element-by-id-shadow-root",
      "requires": {
        "query-selector-shadow-root": "0.0.1",
        "typescript": "4.5.5"
      }
    },
    "get-elements-by-class-name-shadow-root": {
      "version": "file:packages/get-elements-by-class-name-shadow-root",
      "requires": {
        "query-selector-all-shadow-root": "0.0.1",
        "typescript": "4.5.5"
      }
    },
    "get-elements-by-name-shadow-root": {
      "version": "file:packages/get-elements-by-name-shadow-root",
      "requires": {
        "query-selector-all-shadow-root": "0.0.1",
        "typescript": "4.5.5"
      }
    },
    "get-elements-by-tag-name-shadow-root": {
      "version": "file:packages/get-elements-by-tag-name-shadow-root",
      "requires": {
        "query-selector-all-shadow-root": "0.0.1",
        "typescript": "4.5.5"
      }
    },
    "query-selector-all-shadow-root": {
      "version": "file:packages/query-selector-all-shadow-root",
      "requires": {
        "typescript": "4.5.5"
      }
    },
    "query-selector-shadow-root": {
      "version": "file:packages/query-selector-shadow-root",
      "requires": {
        "typescript": "4.5.5"
      }
    },
    "shadow-root": {
      "version": "file:packages/shadow-root",
      "requires": {
        "get-element-by-id-shadow-root": "0.0.1",
        "get-elements-by-class-name-shadow-root": "0.0.1",
        "get-elements-by-name-shadow-root": "0.0.1",
        "get-elements-by-tag-name-shadow-root": "0.0.1",
        "query-selector-all-shadow-root": "0.0.1",
        "query-selector-shadow-root": "0.0.1",
        "typescript": "4.5.5"
      }
    },
    "typescript": {
      "version": "4.5.5",
      "resolved": "https://registry.npmjs.org/typescript/-/typescript-4.5.5.tgz",
      "integrity": "sha512-TCTIul70LyWe6IJWT8QSYeA54WQe8EjQFU4wY52Fasj5UKx88LNYKCgBEHcOMOrFF1rKGbD8v/xcNWVUq9SymA==",
      "dev": true
    }
  }
}
