{
  "name": "shadow-root",
  "version": "0.0.3",
  "lockfileVersion": 1,
  "requires": true,
  "dependencies": {
    "get-element-by-id-shadow-root": {
      "version": "0.0.3",
      "resolved": "https://registry.npmjs.org/get-element-by-id-shadow-root/-/get-element-by-id-shadow-root-0.0.3.tgz",
      "integrity": "sha512-mV2hI4CrEMIiK+qEmrvGatdesAE3JPxjvNrDoZFQSiEjvHizrjY4KtNgJMD5ANH+F/fZHg2kFCZFVhFoXbak5w==",
      "requires": {
        "query-selector-shadow-root": "0.0.3"
      }
    },
    "get-elements-by-class-name-shadow-root": {
      "version": "0.0.3",
      "resolved": "https://registry.npmjs.org/get-elements-by-class-name-shadow-root/-/get-elements-by-class-name-shadow-root-0.0.3.tgz",
      "integrity": "sha512-ljVV0zyOxkxj0GEmHlpimHRCzBE32YGRRTQkzyiqEBM5/TzV4m1Ffpw6/QdZ1vzW/icWOcIL5ooSS6kn4VRgXg==",
      "requires": {
        "query-selector-all-shadow-root": "0.0.3"
      }
    },
    "get-elements-by-name-shadow-root": {
      "version": "0.0.3",
      "resolved": "https://registry.npmjs.org/get-elements-by-name-shadow-root/-/get-elements-by-name-shadow-root-0.0.3.tgz",
      "integrity": "sha512-0uAei3TOeJ1QwAUR6d8rLDKyazspOWkjgxxJ/WMSiu0QIJRyNcpPQCNLNLkFTV1LBFzvs5HTdSZWKWpY73YbzQ==",
      "requires": {
        "query-selector-all-shadow-root": "0.0.3"
      }
    },
    "get-elements-by-tag-name-shadow-root": {
      "version": "0.0.3",
      "resolved": "https://registry.npmjs.org/get-elements-by-tag-name-shadow-root/-/get-elements-by-tag-name-shadow-root-0.0.3.tgz",
      "integrity": "sha512-irBSLWcNO/1jzKBq5uOBP6l1ZNg5F11wxGF3kHh7gyWLYd99M8avXSgqluc/4Toyfo7iokDjbfY7KJQOYEq8Rg==",
      "requires": {
        "query-selector-all-shadow-root": "0.0.3"
      }
    },
    "query-selector-all-shadow-root": {
      "version": "0.0.3",
      "resolved": "https://registry.npmjs.org/query-selector-all-shadow-root/-/query-selector-all-shadow-root-0.0.3.tgz",
      "integrity": "sha512-J7TPo7c+Ut6Wl7Ujk/dToR15eqwu84vJAazgzkcUxCeCtoxbDJPsFs9mBaYoSUfS0ZN3xspLDGBajr0G8d2QZQ=="
    },
    "query-selector-shadow-root": {
      "version": "0.0.3",
      "resolved": "https://registry.npmjs.org/query-selector-shadow-root/-/query-selector-shadow-root-0.0.3.tgz",
      "integrity": "sha512-QXU2+N4fR2g8gqjGRjwg7x2oCiudc+nUAbaOqLtXvAlF7nQ32sRlkgFdpHLwzfeBvyvBgJzN/QFCogGCSjB/bQ=="
    },
    "typescript": {
      "version": "4.5.5",
      "resolved": "https://registry.npmjs.org/typescript/-/typescript-4.5.5.tgz",
      "integrity": "sha512-TCTIul70LyWe6IJWT8QSYeA54WQe8EjQFU4wY52Fasj5UKx88LNYKCgBEHcOMOrFF1rKGbD8v/xcNWVUq9SymA==",
      "dev": true
    }
  }
}
