{
  "name": "shadow-root",
  "version": "0.0.2",
  "lockfileVersion": 1,
  "requires": true,
  "dependencies": {
    "get-element-by-id-shadow-root": {
      "version": "0.0.1",
      "resolved": "https://registry.npmjs.org/get-element-by-id-shadow-root/-/get-element-by-id-shadow-root-0.0.1.tgz",
      "integrity": "sha512-sxPHNtK1FWdv+bLR0G0S45ug5IKjACBc072WfP59Hw65tfg9sAnw6rR9WEhsa3ttHDs0L84zNL4GJe67dsSBNQ==",
      "requires": {
        "query-selector-shadow-root": "0.0.1"
      }
    },
    "get-elements-by-class-name-shadow-root": {
      "version": "0.0.2",
      "resolved": "https://registry.npmjs.org/get-elements-by-class-name-shadow-root/-/get-elements-by-class-name-shadow-root-0.0.2.tgz",
      "integrity": "sha512-K0+OcQzPo7WbJHHHHzeIKqwT+vnLizdE8pIKNtQhB92NEMzt7sYbfftjCpdL1ZL1HLELsv1RqwfFMld1GI+HBg==",
      "requires": {
        "query-selector-all-shadow-root": "0.0.1"
      }
    },
    "get-elements-by-name-shadow-root": {
      "version": "0.0.2",
      "resolved": "https://registry.npmjs.org/get-elements-by-name-shadow-root/-/get-elements-by-name-shadow-root-0.0.2.tgz",
      "integrity": "sha512-J7n7fYGBlbQazpkRijejxeJ44L8jdlwDI1rCfmITvaXiIfa0gUoaujj08jqxjY/BWGushAKnlCBXVG6Fxf4mQQ==",
      "requires": {
        "query-selector-all-shadow-root": "0.0.1"
      }
    },
    "get-elements-by-tag-name-shadow-root": {
      "version": "0.0.2",
      "resolved": "https://registry.npmjs.org/get-elements-by-tag-name-shadow-root/-/get-elements-by-tag-name-shadow-root-0.0.2.tgz",
      "integrity": "sha512-Yij+ACWFNCLy5c2gvjDIc68tKQmUyOAYFk8rAuwhM4Pb4DpYOL4mW7gKhcreqOMdMgMXn0Jl2I7ZWKhD/PeapQ==",
      "requires": {
        "query-selector-all-shadow-root": "0.0.1"
      }
    },
    "query-selector-all-shadow-root": {
      "version": "0.0.1",
      "resolved": "https://registry.npmjs.org/query-selector-all-shadow-root/-/query-selector-all-shadow-root-0.0.1.tgz",
      "integrity": "sha512-DXiLxOP2FWkD1HKpRIA4wNB+/DBnVv0rT29N1RlB5zBOqdxsnFygeZH6D+4V37ypt4t8LrHCRuJJhsp38yN2Lg=="
    },
    "query-selector-shadow-root": {
      "version": "0.0.1",
      "resolved": "https://registry.npmjs.org/query-selector-shadow-root/-/query-selector-shadow-root-0.0.1.tgz",
      "integrity": "sha512-fX6kJfajooKkYRZxMehQV5EjYX/VocZ4Jo3Wq4camCQ66yV0HbCtRBdA/6mU7pHQFR1z7xvXXW59iRWS5hpBvw=="
    },
    "typescript": {
      "version": "4.5.5",
      "resolved": "https://registry.npmjs.org/typescript/-/typescript-4.5.5.tgz",
      "integrity": "sha512-TCTIul70LyWe6IJWT8QSYeA54WQe8EjQFU4wY52Fasj5UKx88LNYKCgBEHcOMOrFF1rKGbD8v/xcNWVUq9SymA==",
      "dev": true
    }
  }
}
