{
  "name": "get-elements-by-tag-name-shadow-root",
  "version": "0.0.2",
  "lockfileVersion": 1,
  "requires": true,
  "dependencies": {
    "query-selector-all-shadow-root": {
      "version": "0.0.1",
      "resolved": "https://registry.npmjs.org/query-selector-all-shadow-root/-/query-selector-all-shadow-root-0.0.1.tgz",
      "integrity": "sha512-DXiLxOP2FWkD1HKpRIA4wNB+/DBnVv0rT29N1RlB5zBOqdxsnFygeZH6D+4V37ypt4t8LrHCRuJJhsp38yN2Lg=="
    },
    "typescript": {
      "version": "4.5.5",
      "resolved": "https://registry.npmjs.org/typescript/-/typescript-4.5.5.tgz",
      "integrity": "sha512-TCTIul70LyWe6IJWT8QSYeA54WQe8EjQFU4wY52Fasj5UKx88LNYKCgBEHcOMOrFF1rKGbD8v/xcNWVUq9SymA==",
      "dev": true
    }
  }
}
