{
  "name": "get-element-by-id-shadow-root",
  "version": "0.0.3",
  "lockfileVersion": 1,
  "requires": true,
  "dependencies": {
    "query-selector-shadow-root": {
      "version": "0.0.3",
      "resolved": "https://registry.npmjs.org/query-selector-shadow-root/-/query-selector-shadow-root-0.0.3.tgz",
      "integrity": "sha512-QXU2+N4fR2g8gqjGRjwg7x2oCiudc+nUAbaOqLtXvAlF7nQ32sRlkgFdpHLwzfeBvyvBgJzN/QFCogGCSjB/bQ=="
    },
    "typescript": {
      "version": "4.5.5",
      "resolved": "https://registry.npmjs.org/typescript/-/typescript-4.5.5.tgz",
      "integrity": "sha512-TCTIul70LyWe6IJWT8QSYeA54WQe8EjQFU4wY52Fasj5UKx88LNYKCgBEHcOMOrFF1rKGbD8v/xcNWVUq9SymA==",
      "dev": true
    }
  }
}
