{
  "name": "get-element-by-id-shadow-root",
  "version": "0.0.3",
  "lockfileVersion": 1,
  "requires": true,
  "dependencies": {
    "query-selector-shadow-root": {
      "version": "0.0.1",
      "resolved": "https://registry.npmjs.org/query-selector-shadow-root/-/query-selector-shadow-root-0.0.1.tgz",
      "integrity": "sha512-fX6kJfajooKkYRZxMehQV5EjYX/VocZ4Jo3Wq4camCQ66yV0HbCtRBdA/6mU7pHQFR1z7xvXXW59iRWS5hpBvw=="
    },
    "typescript": {
      "version": "4.5.5",
      "resolved": "https://registry.npmjs.org/typescript/-/typescript-4.5.5.tgz",
      "integrity": "sha512-TCTIul70LyWe6IJWT8QSYeA54WQe8EjQFU4wY52Fasj5UKx88LNYKCgBEHcOMOrFF1rKGbD8v/xcNWVUq9SymA==",
      "dev": true
    }
  }
}
